# THIS IS AN AUTOGENERATED FILE. DO NOT EDIT THIS FILE DIRECTLY.
# yarn lockfile v1


oidc-client@^1.7.1:
  version "1.7.1"
  resolved "https://registry.yarnpkg.com/oidc-client/-/oidc-client-1.7.1.tgz#8b9d8d50fd7f878968b1cda17712c1747eef9a54"
  integrity sha512-qsPBQVa/BY6AmdY89erANJbfDXrX1dqu9lKgvYZzkVDzIj5mmw6wGjFeQuV2HDm4TiJA0VT5HSTWOWnXZUYu0g==
